
Microsoft Visual Studio Solution File, Format Version 12.00
# Visual Studio Version 17
VisualStudioVersion = 17.6.33815.320
MinimumVisualStudioVersion = 10.0.40219.1
Project("{FAE04EC0-301F-11D3-BF4B-00C04F79EFBC}") = "ConsoleApp2", "ConsoleApp2\ConsoleApp2.csproj", "{2993E165-9CB8-4A19-93F9-89E86FE1B52E}"
EndProject
Global
	GlobalSection(SolutionConfigurationPlatforms) = preSolution
		Debug|Any CPU = Debug|Any CPU
		Release|Any CPU = Release|Any CPU
	EndGlobalSection
	GlobalSection(ProjectConfigurationPlatforms) = postSolution
		{2993E165-9CB8-4A19-93F9-89E86FE1B52E}.Debug|Any CPU.ActiveCfg = Debug|Any CPU
		{2993E165-9CB8-4A19-93F9-89E86FE1B52E}.Debug|Any CPU.Build.0 = Debug|Any CPU
		{2993E165-9CB8-4A19-93F9-89E86FE1B52E}.Release|Any CPU.ActiveCfg = Release|Any CPU
		{2993E165-9CB8-4A19-93F9-89E86FE1B52E}.Release|Any CPU.Build.0 = Release|Any CPU
	EndGlobalSection
	GlobalSection(SolutionProperties) = preSolution
		HideSolutionNode = FALSE
	EndGlobalSection
	GlobalSection(ExtensibilityGlobals) = postSolution
		SolutionGuid = {BDE1DDB9-0EFF-4F4E-9D94-6E49CE13A278}
	EndGlobalSection
EndGlobal
